{
  "version": 4,
  "terraform_version": "1.6.6",
  "serial": 43,
  "lineage": "79cd9481-9de1-49e2-c4e0-0f16ea0b7ccc",
  "outputs": {
    "img_link1": {
      "value": "https://www.googleapis.com/storage/v1/b/buck_tf_demo/o/kitten",
      "type": "string"
    },
    "img_link2": {
      "value": "https://storage.googleapis.com/download/storage/v1/b/buck_tf_demo/o/kitten?generation=1705443093341586\u0026alt=media",
      "type": "string"
    }
  },
  "resources": [
    {
      "mode": "managed",
      "type": "google_bigquery_dataset",
      "name": "demo_tf",
      "provider": "provider[\"registry.terraform.io/hashicorp/google\"]",
      "instances": [
        {
          "schema_version": 0,
          "attributes": {
            "access": [
              {
                "dataset": [],
                "domain": "",
                "group_by_email": "",
                "iam_member": "",
                "role": "OWNER",
                "routine": [],
                "special_group": "",
                "user_by_email": "debajyoti.n99@gmail.com",
                "view": []
              },
              {
                "dataset": [],
                "domain": "",
                "group_by_email": "",
                "iam_member": "",
                "role": "OWNER",
                "routine": [],
                "special_group": "projectOwners",
                "user_by_email": "",
                "view": []
              },
              {
                "dataset": [],
                "domain": "",
                "group_by_email": "",
                "iam_member": "",
                "role": "READER",
                "routine": [],
                "special_group": "projectReaders",
                "user_by_email": "",
                "view": []
              },
              {
                "dataset": [],
                "domain": "",
                "group_by_email": "",
                "iam_member": "",
                "role": "WRITER",
                "routine": [],
                "special_group": "projectWriters",
                "user_by_email": "",
                "view": []
              }
            ],
            "creation_time": 1705443079015,
            "dataset_id": "demo_tf",
            "default_collation": "",
            "default_encryption_configuration": [],
            "default_partition_expiration_ms": 0,
            "default_table_expiration_ms": 3600000,
            "delete_contents_on_destroy": false,
            "description": "",
            "effective_labels": {},
            "etag": "2iz1RF8JOSgfJvAeHMEYTQ==",
            "friendly_name": "",
            "id": "projects/mylearning-demo/datasets/demo_tf",
            "is_case_insensitive": false,
            "labels": {},
            "last_modified_time": 1705443578719,
            "location": "EU",
            "max_time_travel_hours": "",
            "project": "mylearning-demo",
            "self_link": "https://bigquery.googleapis.com/bigquery/v2/projects/mylearning-demo/datasets/demo_tf",
            "storage_billing_model": "",
            "terraform_labels": {},
            "timeouts": null
          },
          "sensitive_attributes": [],
          "private": "eyJlMmJmYjczMC1lY2FhLTExZTYtOGY4OC0zNDM2M2JjN2M0YzAiOnsiY3JlYXRlIjoxMjAwMDAwMDAwMDAwLCJkZWxldGUiOjEyMDAwMDAwMDAwMDAsInVwZGF0ZSI6MTIwMDAwMDAwMDAwMH19"
        }
      ]
    },
    {
      "mode": "managed",
      "type": "google_bigquery_table",
      "name": "table_tf",
      "provider": "provider[\"registry.terraform.io/hashicorp/google\"]",
      "instances": [
        {
          "schema_version": 0,
          "attributes": {
            "clustering": null,
            "creation_time": 1705443081089,
            "dataset_id": "demo_tf",
            "deletion_protection": false,
            "description": "",
            "effective_labels": {},
            "encryption_configuration": [],
            "etag": "gBxHWYcEHbST6iI9iP5zBQ==",
            "expiration_time": 1705446681089,
            "external_data_configuration": [],
            "friendly_name": "",
            "id": "projects/mylearning-demo/datasets/demo_tf/tables/table_tf",
            "labels": {},
            "last_modified_time": 1705443081373,
            "location": "EU",
            "materialized_view": [],
            "max_staleness": "",
            "num_bytes": 0,
            "num_long_term_bytes": 0,
            "num_rows": 0,
            "project": "mylearning-demo",
            "range_partitioning": [],
            "require_partition_filter": false,
            "schema": null,
            "self_link": "https://bigquery.googleapis.com/bigquery/v2/projects/mylearning-demo/datasets/demo_tf/tables/table_tf",
            "table_constraints": [],
            "table_id": "table_tf",
            "terraform_labels": {},
            "time_partitioning": [],
            "type": "TABLE",
            "view": []
          },
          "sensitive_attributes": [],
          "private": "bnVsbA==",
          "dependencies": [
            "google_bigquery_dataset.demo_tf"
          ]
        }
      ]
    },
    {
      "mode": "managed",
      "type": "google_storage_bucket",
      "name": "buck_tf_demo",
      "provider": "provider[\"registry.terraform.io/hashicorp/google\"]",
      "instances": [
        {
          "schema_version": 1,
          "attributes": {
            "autoclass": [],
            "cors": [],
            "custom_placement_config": [],
            "default_event_based_hold": false,
            "effective_labels": {},
            "enable_object_retention": false,
            "encryption": [],
            "force_destroy": false,
            "id": "buck_tf_demo",
            "labels": {},
            "lifecycle_rule": [],
            "location": "EU",
            "logging": [],
            "name": "buck_tf_demo",
            "project": "mylearning-demo",
            "public_access_prevention": "inherited",
            "requester_pays": false,
            "retention_policy": [],
            "rpo": "DEFAULT",
            "self_link": "https://www.googleapis.com/storage/v1/b/buck_tf_demo",
            "storage_class": "STANDARD",
            "terraform_labels": {},
            "timeouts": null,
            "uniform_bucket_level_access": true,
            "url": "gs://buck_tf_demo",
            "versioning": [],
            "website": []
          },
          "sensitive_attributes": [],
          "private": "eyJlMmJmYjczMC1lY2FhLTExZTYtOGY4OC0zNDM2M2JjN2M0YzAiOnsiY3JlYXRlIjo2MDAwMDAwMDAwMDAsInJlYWQiOjI0MDAwMDAwMDAwMCwidXBkYXRlIjoyNDAwMDAwMDAwMDB9LCJzY2hlbWFfdmVyc2lvbiI6IjEifQ=="
        }
      ]
    },
    {
      "mode": "managed",
      "type": "google_storage_bucket_object",
      "name": "img1",
      "provider": "provider[\"registry.terraform.io/hashicorp/google\"]",
      "instances": [
        {
          "schema_version": 0,
          "attributes": {
            "bucket": "buck_tf_demo",
            "cache_control": "",
            "content": null,
            "content_disposition": "",
            "content_encoding": "",
            "content_language": "",
            "content_type": "image/jpeg",
            "crc32c": "jxDnqw==",
            "customer_encryption": [],
            "detect_md5hash": "IMk/fZeOo1xuxVmC7xgyUQ==",
            "event_based_hold": false,
            "id": "buck_tf_demo-kitten",
            "kms_key_name": "",
            "md5hash": "IMk/fZeOo1xuxVmC7xgyUQ==",
            "media_link": "https://storage.googleapis.com/download/storage/v1/b/buck_tf_demo/o/kitten?generation=1705443093341586\u0026alt=media",
            "metadata": {},
            "name": "kitten",
            "output_name": "kitten",
            "retention": [],
            "self_link": "https://www.googleapis.com/storage/v1/b/buck_tf_demo/o/kitten",
            "source": "kitten.jpg",
            "storage_class": "STANDARD",
            "temporary_hold": false,
            "timeouts": null
          },
          "sensitive_attributes": [],
          "private": "eyJlMmJmYjczMC1lY2FhLTExZTYtOGY4OC0zNDM2M2JjN2M0YzAiOnsiY3JlYXRlIjoyNDAwMDAwMDAwMDAsImRlbGV0ZSI6MjQwMDAwMDAwMDAwLCJ1cGRhdGUiOjI0MDAwMDAwMDAwMH19",
          "dependencies": [
            "google_storage_bucket.buck_tf_demo"
          ]
        }
      ]
    },
    {
      "mode": "managed",
      "type": "google_storage_bucket_object",
      "name": "webpage",
      "provider": "provider[\"registry.terraform.io/hashicorp/google\"]",
      "instances": [
        {
          "schema_version": 0,
          "attributes": {
            "bucket": "buck_tf_demo",
            "cache_control": "",
            "content": null,
            "content_disposition": "",
            "content_encoding": "",
            "content_language": "",
            "content_type": "text/html; charset=utf-8",
            "crc32c": "gxlZPQ==",
            "customer_encryption": [],
            "detect_md5hash": "xxvhGNl/9LNIw46+0qP17Q==",
            "event_based_hold": false,
            "id": "buck_tf_demo-hello",
            "kms_key_name": "",
            "md5hash": "xxvhGNl/9LNIw46+0qP17Q==",
            "media_link": "https://storage.googleapis.com/download/storage/v1/b/buck_tf_demo/o/hello?generation=1705443088838788\u0026alt=media",
            "metadata": {},
            "name": "hello",
            "output_name": "hello",
            "retention": [],
            "self_link": "https://www.googleapis.com/storage/v1/b/buck_tf_demo/o/hello",
            "source": "hello.html",
            "storage_class": "STANDARD",
            "temporary_hold": false,
            "timeouts": null
          },
          "sensitive_attributes": [],
          "private": "eyJlMmJmYjczMC1lY2FhLTExZTYtOGY4OC0zNDM2M2JjN2M0YzAiOnsiY3JlYXRlIjoyNDAwMDAwMDAwMDAsImRlbGV0ZSI6MjQwMDAwMDAwMDAwLCJ1cGRhdGUiOjI0MDAwMDAwMDAwMH19",
          "dependencies": [
            "google_storage_bucket.buck_tf_demo"
          ]
        }
      ]
    }
  ],
  "check_results": null
}
